// !$*UTF8*$!
{
	archiveVersion = 1;
	classes = {
	};
	objectVersion = 46;
	objects = {

/* Begin PBXBuildFile section */
		522139B91C65139F0047BB9C /* UIColor+Colorful.m in Sources */ = {isa = PBXBuildFile; fileRef = 522139B81C65139F0047BB9C /* UIColor+Colorful.m */; };
		52C53BAA1C62C24B00D1BFDF /* main.m in Sources */ = {isa = PBXBuildFile; fileRef = 52C53BA91C62C24B00D1BFDF /* main.m */; };
		52C53BAD1C62C24B00D1BFDF /* AppDelegate.m in Sources */ = {isa = PBXBuildFile; fileRef = 52C53BAC1C62C24B00D1BFDF /* AppDelegate.m */; };
		52C53BB51C62C24B00D1BFDF /* Assets.xcassets in Resources */ = {isa = PBXBuildFile; fileRef = 52C53BB41C62C24B00D1BFDF /* Assets.xcassets */; };
		52C53BB81C62C24B00D1BFDF /* LaunchScreen.storyboard in Resources */ = {isa = PBXBuildFile; fileRef = 52C53BB61C62C24B00D1BFDF /* LaunchScreen.storyboard */; };
		52C53BC31C62C24C00D1BFDF /* CollectionSampleTests.m in Sources */ = {isa = PBXBuildFile; fileRef = 52C53BC21C62C24C00D1BFDF /* CollectionSampleTests.m */; };
		52C53BD01C62C31100D1BFDF /* MGCColors.m in Sources */ = {isa = PBXBuildFile; fileRef = 52C53BCF1C62C31100D1BFDF /* MGCColors.m */; };
		52C53BD41C62C82C00D1BFDF /* MGCColorfulViewController.m in Sources */ = {isa = PBXBuildFile; fileRef = 52C53BD31C62C82C00D1BFDF /* MGCColorfulViewController.m */; };
		52C53BD81C62EFDB00D1BFDF /* MGCRandomColorCell.m in Sources */ = {isa = PBXBuildFile; fileRef = 52C53BD71C62EFDB00D1BFDF /* MGCRandomColorCell.m */; };
		52C53BDA1C62F02100D1BFDF /* MGCRandomColorCell.xib in Resources */ = {isa = PBXBuildFile; fileRef = 52C53BD91C62F02100D1BFDF /* MGCRandomColorCell.xib */; };
/* End PBXBuildFile section */

/* Begin PBXContainerItemProxy section */
		52C53BBF1C62C24B00D1BFDF /* PBXContainerItemProxy */ = {
			isa = PBXContainerItemProxy;
			containerPortal = 52C53B9D1C62C24B00D1BFDF /* Project object */;
			proxyType = 1;
			remoteGlobalIDString = 52C53BA41C62C24B00D1BFDF;
			remoteInfo = CollectionSample;
		};
/* End PBXContainerItemProxy section */

/* Begin PBXFileReference section */
		522139B71C65139F0047BB9C /* UIColor+Colorful.h */ = {isa = PBXFileReference; fileEncoding = 4; lastKnownFileType = sourcecode.c.h; path = "UIColor+Colorful.h"; sourceTree = "<group>"; };
		522139B81C65139F0047BB9C /* UIColor+Colorful.m */ = {isa = PBXFileReference; fileEncoding = 4; lastKnownFileType = sourcecode.c.objc; path = "UIColor+Colorful.m"; sourceTree = "<group>"; };
		52C53BA51C62C24B00D1BFDF /* CollectionSample.app */ = {isa = PBXFileReference; explicitFileType = wrapper.application; includeInIndex = 0; path = CollectionSample.app; sourceTree = BUILT_PRODUCTS_DIR; };
		52C53BA91C62C24B00D1BFDF /* main.m */ = {isa = PBXFileReference; lastKnownFileType = sourcecode.c.objc; path = main.m; sourceTree = "<group>"; };
		52C53BAB1C62C24B00D1BFDF /* AppDelegate.h */ = {isa = PBXFileReference; lastKnownFileType = sourcecode.c.h; path = AppDelegate.h; sourceTree = "<group>"; };
		52C53BAC1C62C24B00D1BFDF /* AppDelegate.m */ = {isa = PBXFileReference; lastKnownFileType = sourcecode.c.objc; path = AppDelegate.m; sourceTree = "<group>"; };
		52C53BB41C62C24B00D1BFDF /* Assets.xcassets */ = {isa = PBXFileReference; lastKnownFileType = folder.assetcatalog; path = Assets.xcassets; sourceTree = "<group>"; };
		52C53BB71C62C24B00D1BFDF /* Base */ = {isa = PBXFileReference; lastKnownFileType = file.storyboard; name = Base; path = Base.lproj/LaunchScreen.storyboard; sourceTree = "<group>"; };
		52C53BB91C62C24B00D1BFDF /* Info.plist */ = {isa = PBXFileReference; lastKnownFileType = text.plist.xml; path = Info.plist; sourceTree = "<group>"; };
		52C53BBE1C62C24B00D1BFDF /* CollectionSampleTests.xctest */ = {isa = PBXFileReference; explicitFileType = wrapper.cfbundle; includeInIndex = 0; path = CollectionSampleTests.xctest; sourceTree = BUILT_PRODUCTS_DIR; };
		52C53BC21C62C24C00D1BFDF /* CollectionSampleTests.m */ = {isa = PBXFileReference; lastKnownFileType = sourcecode.c.objc; path = CollectionSampleTests.m; sourceTree = "<group>"; };
		52C53BC41C62C24C00D1BFDF /* Info.plist */ = {isa = PBXFileReference; lastKnownFileType = text.plist.xml; path = Info.plist; sourceTree = "<group>"; };
		52C53BCE1C62C31100D1BFDF /* MGCColors.h */ = {isa = PBXFileReference; fileEncoding = 4; lastKnownFileType = sourcecode.c.h; path = MGCColors.h; sourceTree = "<group>"; };
		52C53BCF1C62C31100D1BFDF /* MGCColors.m */ = {isa = PBXFileReference; fileEncoding = 4; lastKnownFileType = sourcecode.c.objc; path = MGCColors.m; sourceTree = "<group>"; };
		52C53BD21C62C82C00D1BFDF /* MGCColorfulViewController.h */ = {isa = PBXFileReference; fileEncoding = 4; lastKnownFileType = sourcecode.c.h; path = MGCColorfulViewController.h; sourceTree = "<group>"; };
		52C53BD31C62C82C00D1BFDF /* MGCColorfulViewController.m */ = {isa = PBXFileReference; fileEncoding = 4; lastKnownFileType = sourcecode.c.objc; path = MGCColorfulViewController.m; sourceTree = "<group>"; };
		52C53BD61C62EFDB00D1BFDF /* MGCRandomColorCell.h */ = {isa = PBXFileReference; fileEncoding = 4; lastKnownFileType = sourcecode.c.h; path = MGCRandomColorCell.h; sourceTree = "<group>"; };
		52C53BD71C62EFDB00D1BFDF /* MGCRandomColorCell.m */ = {isa = PBXFileReference; fileEncoding = 4; lastKnownFileType = sourcecode.c.objc; path = MGCRandomColorCell.m; sourceTree = "<group>"; };
		52C53BD91C62F02100D1BFDF /* MGCRandomColorCell.xib */ = {isa = PBXFileReference; fileEncoding = 4; lastKnownFileType = file.xib; path = MGCRandomColorCell.xib; sourceTree = "<group>"; };
/* End PBXFileReference section */

/* Begin PBXFrameworksBuildPhase section */
		52C53BA21C62C24B00D1BFDF /* Frameworks */ = {
			isa = PBXFrameworksBuildPhase;
			buildActionMask = 2147483647;
			files = (
			);
			runOnlyForDeploymentPostprocessing = 0;
		};
		52C53BBB1C62C24B00D1BFDF /* Frameworks */ = {
			isa = PBXFrameworksBuildPhase;
			buildActionMask = 2147483647;
			files = (
			);
			runOnlyForDeploymentPostprocessing = 0;
		};
/* End PBXFrameworksBuildPhase section */

/* Begin PBXGroup section */
		522139BA1C6513AA0047BB9C /* Categories */ = {
			isa = PBXGroup;
			children = (
				522139B71C65139F0047BB9C /* UIColor+Colorful.h */,
				522139B81C65139F0047BB9C /* UIColor+Colorful.m */,
			);
			name = Categories;
			sourceTree = "<group>";
		};
		52C53B9C1C62C24B00D1BFDF = {
			isa = PBXGroup;
			children = (
				52C53BA71C62C24B00D1BFDF /* CollectionSample */,
				52C53BC11C62C24B00D1BFDF /* CollectionSampleTests */,
				52C53BA61C62C24B00D1BFDF /* Products */,
			);
			sourceTree = "<group>";
		};
		52C53BA61C62C24B00D1BFDF /* Products */ = {
			isa = PBXGroup;
			children = (
				52C53BA51C62C24B00D1BFDF /* CollectionSample.app */,
				52C53BBE1C62C24B00D1BFDF /* CollectionSampleTests.xctest */,
			);
			name = Products;
			sourceTree = "<group>";
		};
		52C53BA71C62C24B00D1BFDF /* CollectionSample */ = {
			isa = PBXGroup;
			children = (
				522139BA1C6513AA0047BB9C /* Categories */,
				52C53BD51C62EF9E00D1BFDF /* Views */,
				52C53BD11C62C7A600D1BFDF /* Controllers */,
				52C53BCD1C62C2F400D1BFDF /* Models */,
				52C53BAB1C62C24B00D1BFDF /* AppDelegate.h */,
				52C53BAC1C62C24B00D1BFDF /* AppDelegate.m */,
				52C53BB41C62C24B00D1BFDF /* Assets.xcassets */,
				52C53BB61C62C24B00D1BFDF /* LaunchScreen.storyboard */,
				52C53BB91C62C24B00D1BFDF /* Info.plist */,
				52C53BA81C62C24B00D1BFDF /* Supporting Files */,
			);
			path = CollectionSample;
			sourceTree = "<group>";
		};
		52C53BA81C62C24B00D1BFDF /* Supporting Files */ = {
			isa = PBXGroup;
			children = (
				52C53BA91C62C24B00D1BFDF /* main.m */,
			);
			name = "Supporting Files";
			sourceTree = "<group>";
		};
		52C53BC11C62C24B00D1BFDF /* CollectionSampleTests */ = {
			isa = PBXGroup;
			children = (
				52C53BC21C62C24C00D1BFDF /* CollectionSampleTests.m */,
				52C53BC41C62C24C00D1BFDF /* Info.plist */,
			);
			path = CollectionSampleTests;
			sourceTree = "<group>";
		};
		52C53BCD1C62C2F400D1BFDF /* Models */ = {
			isa = PBXGroup;
			children = (
				52C53BCE1C62C31100D1BFDF /* MGCColors.h */,
				52C53BCF1C62C31100D1BFDF /* MGCColors.m */,
			);
			name = Models;
			sourceTree = "<group>";
		};
		52C53BD11C62C7A600D1BFDF /* Controllers */ = {
			isa = PBXGroup;
			children = (
				52C53BD21C62C82C00D1BFDF /* MGCColorfulViewController.h */,
				52C53BD31C62C82C00D1BFDF /* MGCColorfulViewController.m */,
			);
			name = Controllers;
			sourceTree = "<group>";
		};
		52C53BD51C62EF9E00D1BFDF /* Views */ = {
			isa = PBXGroup;
			children = (
				52C53BD61C62EFDB00D1BFDF /* MGCRandomColorCell.h */,
				52C53BD71C62EFDB00D1BFDF /* MGCRandomColorCell.m */,
				52C53BD91C62F02100D1BFDF /* MGCRandomColorCell.xib */,
			);
			name = Views;
			sourceTree = "<group>";
		};
/* End PBXGroup section */

/* Begin PBXNativeTarget section */
		52C53BA41C62C24B00D1BFDF /* CollectionSample */ = {
			isa = PBXNativeTarget;
			buildConfigurationList = 52C53BC71C62C24C00D1BFDF /* Build configuration list for PBXNativeTarget "CollectionSample" */;
			buildPhases = (
				52C53BA11C62C24B00D1BFDF /* Sources */,
				52C53BA21C62C24B00D1BFDF /* Frameworks */,
				52C53BA31C62C24B00D1BFDF /* Resources */,
			);
			buildRules = (
			);
			dependencies = (
			);
			name = CollectionSample;
			productName = CollectionSample;
			productReference = 52C53BA51C62C24B00D1BFDF /* CollectionSample.app */;
			productType = "com.apple.product-type.application";
		};
		52C53BBD1C62C24B00D1BFDF /* CollectionSampleTests */ = {
			isa = PBXNativeTarget;
			buildConfigurationList = 52C53BCA1C62C24C00D1BFDF /* Build configuration list for PBXNativeTarget "CollectionSampleTests" */;
			buildPhases = (
				52C53BBA1C62C24B00D1BFDF /* Sources */,
				52C53BBB1C62C24B00D1BFDF /* Frameworks */,
				52C53BBC1C62C24B00D1BFDF /* Resources */,
			);
			buildRules = (
			);
			dependencies = (
				52C53BC01C62C24B00D1BFDF /* PBXTargetDependency */,
			);
			name = CollectionSampleTests;
			productName = CollectionSampleTests;
			productReference = 52C53BBE1C62C24B00D1BFDF /* CollectionSampleTests.xctest */;
			productType = "com.apple.product-type.bundle.unit-test";
		};
/* End PBXNativeTarget section */

/* Begin PBXProject section */
		52C53B9D1C62C24B00D1BFDF /* Project object */ = {
			isa = PBXProject;
			attributes = {
				LastUpgradeCheck = 0720;
				ORGANIZATIONNAME = weblogmerlos.com;
				TargetAttributes = {
					52C53BA41C62C24B00D1BFDF = {
						CreatedOnToolsVersion = 7.2;
						DevelopmentTeam = Z273P8K3M7;
					};
					52C53BBD1C62C24B00D1BFDF = {
						CreatedOnToolsVersion = 7.2;
						DevelopmentTeam = Z273P8K3M7;
						TestTargetID = 52C53BA41C62C24B00D1BFDF;
					};
				};
			};
			buildConfigurationList = 52C53BA01C62C24B00D1BFDF /* Build configuration list for PBXProject "CollectionSample" */;
			compatibilityVersion = "Xcode 3.2";
			developmentRegion = English;
			hasScannedForEncodings = 0;
			knownRegions = (
				en,
				Base,
			);
			mainGroup = 52C53B9C1C62C24B00D1BFDF;
			productRefGroup = 52C53BA61C62C24B00D1BFDF /* Products */;
			projectDirPath = "";
			projectRoot = "";
			targets = (
				52C53BA41C62C24B00D1BFDF /* CollectionSample */,
				52C53BBD1C62C24B00D1BFDF /* CollectionSampleTests */,
			);
		};
/* End PBXProject section */

/* Begin PBXResourcesBuildPhase section */
		52C53BA31C62C24B00D1BFDF /* Resources */ = {
			isa = PBXResourcesBuildPhase;
			buildActionMask = 2147483647;
			files = (
				52C53BDA1C62F02100D1BFDF /* MGCRandomColorCell.xib in Resources */,
				52C53BB81C62C24B00D1BFDF /* LaunchScreen.storyboard in Resources */,
				52C53BB51C62C24B00D1BFDF /* Assets.xcassets in Resources */,
			);
			runOnlyForDeploymentPostprocessing = 0;
		};
		52C53BBC1C62C24B00D1BFDF /* Resources */ = {
			isa = PBXResourcesBuildPhase;
			buildActionMask = 2147483647;
			files = (
			);
			runOnlyForDeploymentPostprocessing = 0;
		};
/* End PBXResourcesBuildPhase section */

/* Begin PBXSourcesBuildPhase section */
		52C53BA11C62C24B00D1BFDF /* Sources */ = {
			isa = PBXSourcesBuildPhase;
			buildActionMask = 2147483647;
			files = (
				52C53BD01C62C31100D1BFDF /* MGCColors.m in Sources */,
				52C53BAD1C62C24B00D1BFDF /* AppDelegate.m in Sources */,
				52C53BD41C62C82C00D1BFDF /* MGCColorfulViewController.m in Sources */,
				52C53BAA1C62C24B00D1BFDF /* main.m in Sources */,
				52C53BD81C62EFDB00D1BFDF /* MGCRandomColorCell.m in Sources */,
				522139B91C65139F0047BB9C /* UIColor+Colorful.m in Sources */,
			);
			runOnlyForDeploymentPostprocessing = 0;
		};
		52C53BBA1C62C24B00D1BFDF /* Sources */ = {
			isa = PBXSourcesBuildPhase;
			buildActionMask = 2147483647;
			files = (
				52C53BC31C62C24C00D1BFDF /* CollectionSampleTests.m in Sources */,
			);
			runOnlyForDeploymentPostprocessing = 0;
		};
/* End PBXSourcesBuildPhase section */

/* Begin PBXTargetDependency section */
		52C53BC01C62C24B00D1BFDF /* PBXTargetDependency */ = {
			isa = PBXTargetDependency;
			target = 52C53BA41C62C24B00D1BFDF /* CollectionSample */;
			targetProxy = 52C53BBF1C62C24B00D1BFDF /* PBXContainerItemProxy */;
		};
/* End PBXTargetDependency section */

/* Begin PBXVariantGroup section */
		52C53BB61C62C24B00D1BFDF /* LaunchScreen.storyboard */ = {
			isa = PBXVariantGroup;
			children = (
				52C53BB71C62C24B00D1BFDF /* Base */,
			);
			name = LaunchScreen.storyboard;
			sourceTree = "<group>";
		};
/* End PBXVariantGroup section */

/* Begin XCBuildConfiguration section */
		52C53BC51C62C24C00D1BFDF /* Debug */ = {
			isa = XCBuildConfiguration;
			buildSettings = {
				ALWAYS_SEARCH_USER_PATHS = NO;
				CLANG_CXX_LANGUAGE_STANDARD = "gnu++0x";
				CLANG_CXX_LIBRARY = "libc++";
				CLANG_ENABLE_MODULES = YES;
				CLANG_ENABLE_OBJC_ARC = YES;
				CLANG_WARN_BOOL_CONVERSION = YES;
				CLANG_WARN_CONSTANT_CONVERSION = YES;
				CLANG_WARN_DIRECT_OBJC_ISA_USAGE = YES_ERROR;
				CLANG_WARN_EMPTY_BODY = YES;
				CLANG_WARN_ENUM_CONVERSION = YES;
				CLANG_WARN_INT_CONVERSION = YES;
				CLANG_WARN_OBJC_ROOT_CLASS = YES_ERROR;
				CLANG_WARN_UNREACHABLE_CODE = YES;
				CLANG_WARN__DUPLICATE_METHOD_MATCH = YES;
				"CODE_SIGN_IDENTITY[sdk=iphoneos*]" = "iPhone Developer";
				COPY_PHASE_STRIP = NO;
				DEBUG_INFORMATION_FORMAT = dwarf;
				ENABLE_STRICT_OBJC_MSGSEND = YES;
				ENABLE_TESTABILITY = YES;
				GCC_C_LANGUAGE_STANDARD = gnu99;
				GCC_DYNAMIC_NO_PIC = NO;
				GCC_NO_COMMON_BLOCKS = YES;
				GCC_OPTIMIZATION_LEVEL = 0;
				GCC_PREPROCESSOR_DEFINITIONS = (
					"DEBUG=1",
					"$(inherited)",
				);
				GCC_WARN_64_TO_32_BIT_CONVERSION = YES;
				GCC_WARN_ABOUT_RETURN_TYPE = YES_ERROR;
				GCC_WARN_UNDECLARED_SELECTOR = YES;
				GCC_WARN_UNINITIALIZED_AUTOS = YES_AGGRESSIVE;
				GCC_WARN_UNUSED_FUNCTION = YES;
				GCC_WARN_UNUSED_VARIABLE = YES;
				IPHONEOS_DEPLOYMENT_TARGET = 9.2;
				MTL_ENABLE_DEBUG_INFO = YES;
				ONLY_ACTIVE_ARCH = YES;
				SDKROOT = iphoneos;
			};
			name = Debug;
		};
		52C53BC61C62C24C00D1BFDF /* Release */ = {
			isa = XCBuildConfiguration;
			buildSettings = {
				ALWAYS_SEARCH_USER_PATHS = NO;
				CLANG_CXX_LANGUAGE_STANDARD = "gnu++0x";
				CLANG_CXX_LIBRARY = "libc++";
				CLANG_ENABLE_MODULES = YES;
				CLANG_ENABLE_OBJC_ARC = YES;
				CLANG_WARN_BOOL_CONVERSION = YES;
				CLANG_WARN_CONSTANT_CONVERSION = YES;
				CLANG_WARN_DIRECT_OBJC_ISA_USAGE = YES_ERROR;
				CLANG_WARN_EMPTY_BODY = YES;
				CLANG_WARN_ENUM_CONVERSION = YES;
				CLANG_WARN_INT_CONVERSION = YES;
				CLANG_WARN_OBJC_ROOT_CLASS = YES_ERROR;
				CLANG_WARN_UNREACHABLE_CODE = YES;
				CLANG_WARN__DUPLICATE_METHOD_MATCH = YES;
				"CODE_SIGN_IDENTITY[sdk=iphoneos*]" = "iPhone Developer";
				COPY_PHASE_STRIP = NO;
				DEBUG_INFORMATION_FORMAT = "dwarf-with-dsym";
				ENABLE_NS_ASSERTIONS = NO;
				ENABLE_STRICT_OBJC_MSGSEND = YES;
				GCC_C_LANGUAGE_STANDARD = gnu99;
				GCC_NO_COMMON_BLOCKS = YES;
				GCC_WARN_64_TO_32_BIT_CONVERSION = YES;
				GCC_WARN_ABOUT_RETURN_TYPE = YES_ERROR;
				GCC_WARN_UNDECLARED_SELECTOR = YES;
				GCC_WARN_UNINITIALIZED_AUTOS = YES_AGGRESSIVE;
				GCC_WARN_UNUSED_FUNCTION = YES;
				GCC_WARN_UNUSED_VARIABLE = YES;
				IPHONEOS_DEPLOYMENT_TARGET = 9.2;
				MTL_ENABLE_DEBUG_INFO = NO;
				SDKROOT = iphoneos;
				VALIDATE_PRODUCT = YES;
			};
			name = Release;
		};
		52C53BC81C62C24C00D1BFDF /* Debug */ = {
			isa = XCBuildConfiguration;
			buildSettings = {
				ASSETCATALOG_COMPILER_APPICON_NAME = AppIcon;
				INFOPLIST_FILE = CollectionSample/Info.plist;
				LD_RUNPATH_SEARCH_PATHS = "$(inherited) @executable_path/Frameworks";
				PRODUCT_BUNDLE_IDENTIFIER = com.weblogmerlos.CollectionSample;
				PRODUCT_NAME = "$(TARGET_NAME)";
			};
			name = Debug;
		};
		52C53BC91C62C24C00D1BFDF /* Release */ = {
			isa = XCBuildConfiguration;
			buildSettings = {
				ASSETCATALOG_COMPILER_APPICON_NAME = AppIcon;
				INFOPLIST_FILE = CollectionSample/Info.plist;
				LD_RUNPATH_SEARCH_PATHS = "$(inherited) @executable_path/Frameworks";
				PRODUCT_BUNDLE_IDENTIFIER = com.weblogmerlos.CollectionSample;
				PRODUCT_NAME = "$(TARGET_NAME)";
			};
			name = Release;
		};
		52C53BCB1C62C24C00D1BFDF /* Debug */ = {
			isa = XCBuildConfiguration;
			buildSettings = {
				BUNDLE_LOADER = "$(TEST_HOST)";
				INFOPLIST_FILE = CollectionSampleTests/Info.plist;
				LD_RUNPATH_SEARCH_PATHS = "$(inherited) @executable_path/Frameworks @loader_path/Frameworks";
				PRODUCT_BUNDLE_IDENTIFIER = com.weblogmerlos.CollectionSampleTests;
				PRODUCT_NAME = "$(TARGET_NAME)";
				TEST_HOST = "$(BUILT_PRODUCTS_DIR)/CollectionSample.app/CollectionSample";
			};
			name = Debug;
		};
		52C53BCC1C62C24C00D1BFDF /* Release */ = {
			isa = XCBuildConfiguration;
			buildSettings = {
				BUNDLE_LOADER = "$(TEST_HOST)";
				INFOPLIST_FILE = CollectionSampleTests/Info.plist;
				LD_RUNPATH_SEARCH_PATHS = "$(inherited) @executable_path/Frameworks @loader_path/Frameworks";
				PRODUCT_BUNDLE_IDENTIFIER = com.weblogmerlos.CollectionSampleTests;
				PRODUCT_NAME = "$(TARGET_NAME)";
				TEST_HOST = "$(BUILT_PRODUCTS_DIR)/CollectionSample.app/CollectionSample";
			};
			name = Release;
		};
/* End XCBuildConfiguration section */

/* Begin XCConfigurationList section */
		52C53BA01C62C24B00D1BFDF /* Build configuration list for PBXProject "CollectionSample" */ = {
			isa = XCConfigurationList;
			buildConfigurations = (
				52C53BC51C62C24C00D1BFDF /* Debug */,
				52C53BC61C62C24C00D1BFDF /* Release */,
			);
			defaultConfigurationIsVisible = 0;
			defaultConfigurationName = Release;
		};
		52C53BC71C62C24C00D1BFDF /* Build configuration list for PBXNativeTarget "CollectionSample" */ = {
			isa = XCConfigurationList;
			buildConfigurations = (
				52C53BC81C62C24C00D1BFDF /* Debug */,
				52C53BC91C62C24C00D1BFDF /* Release */,
			);
			defaultConfigurationIsVisible = 0;
			defaultConfigurationName = Release;
		};
		52C53BCA1C62C24C00D1BFDF /* Build configuration list for PBXNativeTarget "CollectionSampleTests" */ = {
			isa = XCConfigurationList;
			buildConfigurations = (
				52C53BCB1C62C24C00D1BFDF /* Debug */,
				52C53BCC1C62C24C00D1BFDF /* Release */,
			);
			defaultConfigurationIsVisible = 0;
			defaultConfigurationName = Release;
		};
/* End XCConfigurationList section */
	};
	rootObject = 52C53B9D1C62C24B00D1BFDF /* Project object */;
}
